
Microsoft Visual Studio Solution File, Format Version 11.00
# Visual Studio 2010
Project("{FAE04EC0-301F-11D3-BF4B-00C04F79EFBC}") = "CardWall.Site", "Site\CardWall.Site.csproj", "{D5ED8D7F-614E-4E8E-9073-3D5AAAAD58F7}"
EndProject
Project("{F2A71F9B-5D33-465A-A702-920D77279786}") = "CardWall.Core", "Source\CardWall.Core.fsproj", "{DEC7E915-245A-4F62-8C70-A4582ADCD25C}"
EndProject
Project("{FAE04EC0-301F-11D3-BF4B-00C04F79EFBC}") = "CardWall.Specs", "Specs\CardWall.Specs.csproj", "{64F50D88-05F6-46D1-A9F7-F59326D71246}"
EndProject
Project("{2150E333-8FDC-42A3-9474-1A3956D46DE8}") = "Solution Items", "Solution Items", "{93608760-542D-4D80-AB40-6B29598B0D2C}"
	ProjectSection(SolutionItems) = preProject
		SouthBurndown.fsx = SouthBurndown.fsx
	EndProjectSection
EndProject
Global
	GlobalSection(SolutionConfigurationPlatforms) = preSolution
		Debug|Any CPU = Debug|Any CPU
		Release|Any CPU = Release|Any CPU
	EndGlobalSection
	GlobalSection(ProjectConfigurationPlatforms) = postSolution
		{D5ED8D7F-614E-4E8E-9073-3D5AAAAD58F7}.Debug|Any CPU.ActiveCfg = Debug|Any CPU
		{D5ED8D7F-614E-4E8E-9073-3D5AAAAD58F7}.Debug|Any CPU.Build.0 = Debug|Any CPU
		{D5ED8D7F-614E-4E8E-9073-3D5AAAAD58F7}.Release|Any CPU.ActiveCfg = Release|Any CPU
		{D5ED8D7F-614E-4E8E-9073-3D5AAAAD58F7}.Release|Any CPU.Build.0 = Release|Any CPU
		{DEC7E915-245A-4F62-8C70-A4582ADCD25C}.Debug|Any CPU.ActiveCfg = Debug|Any CPU
		{DEC7E915-245A-4F62-8C70-A4582ADCD25C}.Debug|Any CPU.Build.0 = Debug|Any CPU
		{DEC7E915-245A-4F62-8C70-A4582ADCD25C}.Release|Any CPU.ActiveCfg = Release|Any CPU
		{DEC7E915-245A-4F62-8C70-A4582ADCD25C}.Release|Any CPU.Build.0 = Release|Any CPU
		{64F50D88-05F6-46D1-A9F7-F59326D71246}.Debug|Any CPU.ActiveCfg = Debug|Any CPU
		{64F50D88-05F6-46D1-A9F7-F59326D71246}.Debug|Any CPU.Build.0 = Debug|Any CPU
		{64F50D88-05F6-46D1-A9F7-F59326D71246}.Release|Any CPU.ActiveCfg = Release|Any CPU
		{64F50D88-05F6-46D1-A9F7-F59326D71246}.Release|Any CPU.Build.0 = Release|Any CPU
	EndGlobalSection
	GlobalSection(SolutionProperties) = preSolution
		HideSolutionNode = FALSE
	EndGlobalSection
EndGlobal
